{
  "requires": true,
  "lockfileVersion": 1,
  "dependencies": {
    "@ckeditor/ckeditor5-angular": {
      "version": "1.0.1",
      "resolved": "https://registry.npmjs.org/@ckeditor/ckeditor5-angular/-/ckeditor5-angular-1.0.1.tgz",
      "integrity": "sha512-8L35lBHJ7aRI4Q6f8E1gadHdXBO4mMiTYOvloPwlhGfkrwOpSqAN0beXtlI21xyx+Ld5CD2OEASFKWPU0tu9eQ==",
      "requires": {
        "tslib": "^1.9.0"
      }
    },
    "tslib": {
      "version": "1.9.3",
      "resolved": "https://registry.npmjs.org/tslib/-/tslib-1.9.3.tgz",
      "integrity": "sha512-4krF8scpejhaOgqzBEcGM7yDIEfi0/8+8zDRZhNZZ2kjmHJ4hv3zCbQWxoJGz1iw5U0Jl0nma13xzHXcncMavQ=="
    }
  }
}
